
Microsoft Visual Studio Solution File, Format Version 12.00
# Visual Studio Version 17
VisualStudioVersion = 17.9.34622.214
MinimumVisualStudioVersion = 10.0.40219.1
Project("{8BC9CEB8-8B4A-11D0-8D11-00A0C91BC942}") = "KrnlInjector", "KrnlInjector\KrnlInjector.vcxproj", "{E2D2B959-9139-4AC3-A02F-0EEF88B95FCD}"
EndProject
Global
	GlobalSection(SolutionConfigurationPlatforms) = preSolution
		Debug|ARM64 = Debug|ARM64
		Debug|x64 = Debug|x64
		Release|ARM64 = Release|ARM64
		Release|x64 = Release|x64
	EndGlobalSection
	GlobalSection(ProjectConfigurationPlatforms) = postSolution
		{E2D2B959-9139-4AC3-A02F-0EEF88B95FCD}.Debug|ARM64.ActiveCfg = Debug|ARM64
		{E2D2B959-9139-4AC3-A02F-0EEF88B95FCD}.Debug|ARM64.Build.0 = Debug|ARM64
		{E2D2B959-9139-4AC3-A02F-0EEF88B95FCD}.Debug|ARM64.Deploy.0 = Debug|ARM64
		{E2D2B959-9139-4AC3-A02F-0EEF88B95FCD}.Debug|x64.ActiveCfg = Debug|x64
		{E2D2B959-9139-4AC3-A02F-0EEF88B95FCD}.Debug|x64.Build.0 = Debug|x64
		{E2D2B959-9139-4AC3-A02F-0EEF88B95FCD}.Debug|x64.Deploy.0 = Debug|x64
		{E2D2B959-9139-4AC3-A02F-0EEF88B95FCD}.Release|ARM64.ActiveCfg = Release|ARM64
		{E2D2B959-9139-4AC3-A02F-0EEF88B95FCD}.Release|ARM64.Build.0 = Release|ARM64
		{E2D2B959-9139-4AC3-A02F-0EEF88B95FCD}.Release|ARM64.Deploy.0 = Release|ARM64
		{E2D2B959-9139-4AC3-A02F-0EEF88B95FCD}.Release|x64.ActiveCfg = Release|x64
		{E2D2B959-9139-4AC3-A02F-0EEF88B95FCD}.Release|x64.Build.0 = Release|x64
		{E2D2B959-9139-4AC3-A02F-0EEF88B95FCD}.Release|x64.Deploy.0 = Release|x64
	EndGlobalSection
	GlobalSection(SolutionProperties) = preSolution
		HideSolutionNode = FALSE
	EndGlobalSection
	GlobalSection(ExtensibilityGlobals) = postSolution
		SolutionGuid = {CE9C76AD-538A-4F80-8AC5-8B4E79441EEF}
	EndGlobalSection
EndGlobal
